
Microsoft Visual Studio Solution File, Format Version 12.00
# Visual Studio 2015
Project("{FAE04EC0-301F-11D3-BF4B-00C04F79EFBC}") = "andar2", "andar2.csproj", "{B3377D15-17A5-961B-6F6E-C412B7431A03}"
EndProject
Project("{FAE04EC0-301F-11D3-BF4B-00C04F79EFBC}") = "andar2.Editor", "andar2.Editor.csproj", "{7D5011CA-B11E-E813-03A1-D7216C92C6A2}"
EndProject
Global
	GlobalSection(SolutionConfigurationPlatforms) = preSolution
		Debug|Any CPU = Debug|Any CPU
		Release|Any CPU = Release|Any CPU
	EndGlobalSection
	GlobalSection(ProjectConfigurationPlatforms) = postSolution
		{B3377D15-17A5-961B-6F6E-C412B7431A03}.Debug|Any CPU.ActiveCfg = Debug|Any CPU
		{B3377D15-17A5-961B-6F6E-C412B7431A03}.Debug|Any CPU.Build.0 = Debug|Any CPU
		{B3377D15-17A5-961B-6F6E-C412B7431A03}.Release|Any CPU.ActiveCfg = Release|Any CPU
		{B3377D15-17A5-961B-6F6E-C412B7431A03}.Release|Any CPU.Build.0 = Release|Any CPU
		{7D5011CA-B11E-E813-03A1-D7216C92C6A2}.Debug|Any CPU.ActiveCfg = Debug|Any CPU
		{7D5011CA-B11E-E813-03A1-D7216C92C6A2}.Debug|Any CPU.Build.0 = Debug|Any CPU
		{7D5011CA-B11E-E813-03A1-D7216C92C6A2}.Release|Any CPU.ActiveCfg = Release|Any CPU
		{7D5011CA-B11E-E813-03A1-D7216C92C6A2}.Release|Any CPU.Build.0 = Release|Any CPU
	EndGlobalSection
	GlobalSection(SolutionProperties) = preSolution
		HideSolutionNode = FALSE
	EndGlobalSection
EndGlobal
